{
  "nodes": {
    "custom-nixpkgs": {
      "locked": {
        "lastModified": 1717350251,
        "narHash": "sha256-NDAZSZky3oFMRudVhipdYmci8r7xmPFqEq9gozZyt54=",
        "owner": "frc4451",
        "repo": "nixpkgs",
        "rev": "494d809529b6a463bbaddd90f110b59484e32d03",
        "type": "github"
      },
      "original": {
        "owner": "frc4451",
        "ref": "python-opencv-type-stubs",
        "repo": "nixpkgs",
        "type": "github"
      }
    },
    "nixpkgs": {
      "locked": {
        "lastModified": 1717196966,
        "narHash": "sha256-yZKhxVIKd2lsbOqYd5iDoUIwsRZFqE87smE2Vzf6Ck0=",
        "owner": "NixOS",
        "repo": "nixpkgs",
        "rev": "57610d2f8f0937f39dbd72251e9614b1561942d8",
        "type": "github"
      },
      "original": {
        "owner": "NixOS",
        "ref": "nixos-unstable",
        "repo": "nixpkgs",
        "type": "github"
      }
    },
    "root": {
      "inputs": {
        "custom-nixpkgs": "custom-nixpkgs",
        "nixpkgs": "nixpkgs"
      }
    }
  },
  "root": "root",
  "version": 7
}
