{
  "nodes": {
    "custom-nixpkgs": {
      "flake": false,
      "locked": {
        "lastModified": 1717347759,
        "narHash": "sha256-NDAZSZky3oFMRudVhipdYmci8r7xmPFqEq9gozZyt54=",
        "owner": "frc4451",
        "repo": "nixpkgs",
        "rev": "8c646bc074245b7012079fe3a16cfac9ca526dfa",
        "type": "github"
      },
      "original": {
        "owner": "frc4451",
        "ref": "python-opencv-type-stubs",
        "repo": "nixpkgs",
        "type": "github"
      }
    },
    "nixpkgs": {
      "locked": {
        "lastModified": 1716509168,
        "narHash": "sha256-4zSIhSRRIoEBwjbPm3YiGtbd8HDWzFxJjw5DYSDy1n8=",
        "owner": "NixOS",
        "repo": "nixpkgs",
        "rev": "bfb7a882678e518398ce9a31a881538679f6f092",
        "type": "github"
      },
      "original": {
        "owner": "NixOS",
        "ref": "nixos-unstable",
        "repo": "nixpkgs",
        "type": "github"
      }
    },
    "root": {
      "inputs": {
        "custom-nixpkgs": "custom-nixpkgs",
        "nixpkgs": "nixpkgs"
      }
    }
  },
  "root": "root",
  "version": 7
}
